
Microsoft Visual Studio Solution File, Format Version 12.00
# Visual Studio Version 16
VisualStudioVersion = 16.0.30611.23
MinimumVisualStudioVersion = 10.0.40219.1
Project("{9A19103F-16F7-4668-BE54-9A1E7A4F7556}") = "TriActionProj", "TriActionProj\TriActionProj.csproj", "{12EF47EA-1281-4F16-91FE-8142E9E5C33C}"
	ProjectSection(ProjectDependencies) = postProject
		{CEDDD1B7-EC13-4CE0-A870-E5B8B59416CC} = {CEDDD1B7-EC13-4CE0-A870-E5B8B59416CC}
	EndProjectSection
EndProject
Project("{FAE04EC0-301F-11D3-BF4B-00C04F79EFBC}") = "EDMXApplication", "EDMXApplication\EDMXApplication.csproj", "{CEDDD1B7-EC13-4CE0-A870-E5B8B59416CC}"
EndProject
Global
	GlobalSection(SolutionConfigurationPlatforms) = preSolution
		Debug|Any CPU = Debug|Any CPU
		Release|Any CPU = Release|Any CPU
	EndGlobalSection
	GlobalSection(ProjectConfigurationPlatforms) = postSolution
		{12EF47EA-1281-4F16-91FE-8142E9E5C33C}.Debug|Any CPU.ActiveCfg = Debug|Any CPU
		{12EF47EA-1281-4F16-91FE-8142E9E5C33C}.Debug|Any CPU.Build.0 = Debug|Any CPU
		{12EF47EA-1281-4F16-91FE-8142E9E5C33C}.Release|Any CPU.ActiveCfg = Release|Any CPU
		{12EF47EA-1281-4F16-91FE-8142E9E5C33C}.Release|Any CPU.Build.0 = Release|Any CPU
		{CEDDD1B7-EC13-4CE0-A870-E5B8B59416CC}.Debug|Any CPU.ActiveCfg = Debug|Any CPU
		{CEDDD1B7-EC13-4CE0-A870-E5B8B59416CC}.Debug|Any CPU.Build.0 = Debug|Any CPU
		{CEDDD1B7-EC13-4CE0-A870-E5B8B59416CC}.Release|Any CPU.ActiveCfg = Release|Any CPU
		{CEDDD1B7-EC13-4CE0-A870-E5B8B59416CC}.Release|Any CPU.Build.0 = Release|Any CPU
	EndGlobalSection
	GlobalSection(SolutionProperties) = preSolution
		HideSolutionNode = FALSE
	EndGlobalSection
	GlobalSection(ExtensibilityGlobals) = postSolution
		SolutionGuid = {DFD339F9-04DC-4268-A21F-EE419E20710C}
	EndGlobalSection
EndGlobal
