
Microsoft Visual Studio Solution File, Format Version 12.00
# Visual Studio Version 16
VisualStudioVersion = 16.0.30611.23
MinimumVisualStudioVersion = 10.0.40219.1
Project("{9A19103F-16F7-4668-BE54-9A1E7A4F7556}") = "server", "server.csproj", "{F313EAC1-3E21-415F-9F94-6F817BCE4490}"
	ProjectSection(ProjectDependencies) = postProject
		{CEDDD1B7-EC13-4CE0-A870-E5B8B59416CC} = {CEDDD1B7-EC13-4CE0-A870-E5B8B59416CC}
	EndProjectSection
EndProject
Project("{FAE04EC0-301F-11D3-BF4B-00C04F79EFBC}") = "EDMXApplication", "..\EDMXApplication\EDMXApplication.csproj", "{CEDDD1B7-EC13-4CE0-A870-E5B8B59416CC}"
EndProject
Global
	GlobalSection(SolutionConfigurationPlatforms) = preSolution
		Debug|Any CPU = Debug|Any CPU
		Release|Any CPU = Release|Any CPU
	EndGlobalSection
	GlobalSection(ProjectConfigurationPlatforms) = postSolution
		{F313EAC1-3E21-415F-9F94-6F817BCE4490}.Debug|Any CPU.ActiveCfg = Debug|Any CPU
		{F313EAC1-3E21-415F-9F94-6F817BCE4490}.Debug|Any CPU.Build.0 = Debug|Any CPU
		{F313EAC1-3E21-415F-9F94-6F817BCE4490}.Release|Any CPU.ActiveCfg = Release|Any CPU
		{F313EAC1-3E21-415F-9F94-6F817BCE4490}.Release|Any CPU.Build.0 = Release|Any CPU
		{CEDDD1B7-EC13-4CE0-A870-E5B8B59416CC}.Debug|Any CPU.ActiveCfg = Debug|Any CPU
		{CEDDD1B7-EC13-4CE0-A870-E5B8B59416CC}.Debug|Any CPU.Build.0 = Debug|Any CPU
		{CEDDD1B7-EC13-4CE0-A870-E5B8B59416CC}.Release|Any CPU.ActiveCfg = Release|Any CPU
		{CEDDD1B7-EC13-4CE0-A870-E5B8B59416CC}.Release|Any CPU.Build.0 = Release|Any CPU
	EndGlobalSection
	GlobalSection(SolutionProperties) = preSolution
		HideSolutionNode = FALSE
	EndGlobalSection
	GlobalSection(ExtensibilityGlobals) = postSolution
		SolutionGuid = {FCFFCC00-D0A3-496A-9EA6-6458CEDB8978}
	EndGlobalSection
EndGlobal
